
Microsoft Visual Studio Solution File, Format Version 12.00
# Visual Studio Version 17
VisualStudioVersion = 17.0.32014.148
MinimumVisualStudioVersion = 10.0.40219.1
Project("{9A19103F-16F7-4668-BE54-9A1E7A4F7556}") = "InFlux", "InFlux\InFlux.csproj", "{2E74EE87-A1E8-4A19-AEE6-F7AB1F3DD856}"
EndProject
Project("{9A19103F-16F7-4668-BE54-9A1E7A4F7556}") = "InFluxTests", "InFluxTests\InFluxTests.csproj", "{21F90316-E61F-4007-BFB3-A8AD59E792CF}"
EndProject
Project("{9A19103F-16F7-4668-BE54-9A1E7A4F7556}") = "BinaryDocumentDb", "BinaryDocumentDb\BinaryDocumentDb.csproj", "{36C80290-7519-462A-8267-87A4060C32E1}"
EndProject
Project("{9A19103F-16F7-4668-BE54-9A1E7A4F7556}") = "BinaryDocumentDb.Tests", "BinaryDocumentDb.Tests\BinaryDocumentDb.Tests.csproj", "{52EA9FAE-A0D7-4138-AC3B-5E7A3D5C9B9C}"
EndProject
Project("{9A19103F-16F7-4668-BE54-9A1E7A4F7556}") = "BinaryDocumentDb.IntegrationTests", "BinaryDocumentDb.IntegrationTests\BinaryDocumentDb.IntegrationTests.csproj", "{CDF36493-BB25-46A9-8A0D-62238556CB42}"
EndProject
Project("{2150E333-8FDC-42A3-9474-1A3956D46DE8}") = "Docs", "Docs", "{A9D81A38-779C-445C-A2D5-4F51535E247C}"
	ProjectSection(SolutionItems) = preProject
		BinaryDocumentDb_README.md = BinaryDocumentDb_README.md
		README.md = README.md
		BinaryDocumentDb\ReadMe.md = BinaryDocumentDb\ReadMe.md
		TODO.md = TODO.md
	EndProjectSection
EndProject
Project("{9A19103F-16F7-4668-BE54-9A1E7A4F7556}") = "Influx.CodeGenerators.AutoWireup", "Influx.CodeGenerators.AutoWireup\Influx.CodeGenerators.AutoWireup\Influx.CodeGenerators.AutoWireup.csproj", "{4E83BEA4-0253-46CF-8EFC-2245E3996770}"
EndProject
Project("{9A19103F-16F7-4668-BE54-9A1E7A4F7556}") = "Influx.CodeGenerators.AutoWireup.Package", "Influx.CodeGenerators.AutoWireup\Influx.CodeGenerators.AutoWireup.Package\Influx.CodeGenerators.AutoWireup.Package.csproj", "{00ECD890-5531-455E-A0EF-3F8AE7B25928}"
EndProject
Project("{9A19103F-16F7-4668-BE54-9A1E7A4F7556}") = "InFlux.T4", "InFlux.T4\InFlux.T4.csproj", "{370444FC-4726-4DC1-85BD-C5B0CF8A20A9}"
EndProject
Project("{FAE04EC0-301F-11D3-BF4B-00C04F79EFBC}") = "Influx.CodeGenerators.AutoWireup.Test", "Influx.CodeGenerators.AutoWireup.Test\Influx.CodeGenerators.AutoWireup.Test.csproj", "{E3A414F9-1B31-4A60-B702-148C14FEFAD4}"
Project("{FAE04EC0-301F-11D3-BF4B-00C04F79EFBC}") = "Influx.Indexing", "Influx.Indexing\Influx.Indexing.csproj", "{FD71DE7D-3DFF-4E03-8E04-13AF59CDB0A9}"
EndProject
Project("{FAE04EC0-301F-11D3-BF4B-00C04F79EFBC}") = "Influx.Indexing.Tests", "Influx.Indexing.Tests\Influx.Indexing.Tests.csproj", "{BA02E7CC-1B6E-4D53-92CA-0E9A044F2120}"
EndProject
Project("{FAE04EC0-301F-11D3-BF4B-00C04F79EFBC}") = "InFlux.T4", "InFlux.T4\InFlux.T4.csproj", "{370444FC-4726-4DC1-85BD-C5B0CF8A20A9}"
EndProject
Global
	GlobalSection(SolutionConfigurationPlatforms) = preSolution
		Debug|Any CPU = Debug|Any CPU
		Release|Any CPU = Release|Any CPU
	EndGlobalSection
	GlobalSection(ProjectConfigurationPlatforms) = postSolution
		{2E74EE87-A1E8-4A19-AEE6-F7AB1F3DD856}.Debug|Any CPU.ActiveCfg = Debug|Any CPU
		{2E74EE87-A1E8-4A19-AEE6-F7AB1F3DD856}.Debug|Any CPU.Build.0 = Debug|Any CPU
		{2E74EE87-A1E8-4A19-AEE6-F7AB1F3DD856}.Release|Any CPU.ActiveCfg = Release|Any CPU
		{2E74EE87-A1E8-4A19-AEE6-F7AB1F3DD856}.Release|Any CPU.Build.0 = Release|Any CPU
		{21F90316-E61F-4007-BFB3-A8AD59E792CF}.Debug|Any CPU.ActiveCfg = Debug|Any CPU
		{21F90316-E61F-4007-BFB3-A8AD59E792CF}.Debug|Any CPU.Build.0 = Debug|Any CPU
		{21F90316-E61F-4007-BFB3-A8AD59E792CF}.Release|Any CPU.ActiveCfg = Release|Any CPU
		{21F90316-E61F-4007-BFB3-A8AD59E792CF}.Release|Any CPU.Build.0 = Release|Any CPU
		{36C80290-7519-462A-8267-87A4060C32E1}.Debug|Any CPU.ActiveCfg = Debug|Any CPU
		{36C80290-7519-462A-8267-87A4060C32E1}.Debug|Any CPU.Build.0 = Debug|Any CPU
		{36C80290-7519-462A-8267-87A4060C32E1}.Release|Any CPU.ActiveCfg = Release|Any CPU
		{36C80290-7519-462A-8267-87A4060C32E1}.Release|Any CPU.Build.0 = Release|Any CPU
		{52EA9FAE-A0D7-4138-AC3B-5E7A3D5C9B9C}.Debug|Any CPU.ActiveCfg = Debug|Any CPU
		{52EA9FAE-A0D7-4138-AC3B-5E7A3D5C9B9C}.Debug|Any CPU.Build.0 = Debug|Any CPU
		{52EA9FAE-A0D7-4138-AC3B-5E7A3D5C9B9C}.Release|Any CPU.ActiveCfg = Release|Any CPU
		{52EA9FAE-A0D7-4138-AC3B-5E7A3D5C9B9C}.Release|Any CPU.Build.0 = Release|Any CPU
		{CDF36493-BB25-46A9-8A0D-62238556CB42}.Debug|Any CPU.ActiveCfg = Debug|Any CPU
		{CDF36493-BB25-46A9-8A0D-62238556CB42}.Debug|Any CPU.Build.0 = Debug|Any CPU
		{CDF36493-BB25-46A9-8A0D-62238556CB42}.Release|Any CPU.ActiveCfg = Release|Any CPU
		{CDF36493-BB25-46A9-8A0D-62238556CB42}.Release|Any CPU.Build.0 = Release|Any CPU
		{4E83BEA4-0253-46CF-8EFC-2245E3996770}.Debug|Any CPU.ActiveCfg = Debug|Any CPU
		{4E83BEA4-0253-46CF-8EFC-2245E3996770}.Debug|Any CPU.Build.0 = Debug|Any CPU
		{4E83BEA4-0253-46CF-8EFC-2245E3996770}.Release|Any CPU.ActiveCfg = Release|Any CPU
		{4E83BEA4-0253-46CF-8EFC-2245E3996770}.Release|Any CPU.Build.0 = Release|Any CPU
		{00ECD890-5531-455E-A0EF-3F8AE7B25928}.Debug|Any CPU.ActiveCfg = Debug|Any CPU
		{00ECD890-5531-455E-A0EF-3F8AE7B25928}.Debug|Any CPU.Build.0 = Debug|Any CPU
		{00ECD890-5531-455E-A0EF-3F8AE7B25928}.Release|Any CPU.ActiveCfg = Release|Any CPU
		{00ECD890-5531-455E-A0EF-3F8AE7B25928}.Release|Any CPU.Build.0 = Release|Any CPU
		{FD71DE7D-3DFF-4E03-8E04-13AF59CDB0A9}.Debug|Any CPU.ActiveCfg = Debug|Any CPU
		{FD71DE7D-3DFF-4E03-8E04-13AF59CDB0A9}.Debug|Any CPU.Build.0 = Debug|Any CPU
		{FD71DE7D-3DFF-4E03-8E04-13AF59CDB0A9}.Release|Any CPU.ActiveCfg = Release|Any CPU
		{FD71DE7D-3DFF-4E03-8E04-13AF59CDB0A9}.Release|Any CPU.Build.0 = Release|Any CPU
		{BA02E7CC-1B6E-4D53-92CA-0E9A044F2120}.Debug|Any CPU.ActiveCfg = Debug|Any CPU
		{BA02E7CC-1B6E-4D53-92CA-0E9A044F2120}.Debug|Any CPU.Build.0 = Debug|Any CPU
		{BA02E7CC-1B6E-4D53-92CA-0E9A044F2120}.Release|Any CPU.ActiveCfg = Release|Any CPU
		{BA02E7CC-1B6E-4D53-92CA-0E9A044F2120}.Release|Any CPU.Build.0 = Release|Any CPU
		{370444FC-4726-4DC1-85BD-C5B0CF8A20A9}.Debug|Any CPU.ActiveCfg = Debug|Any CPU
		{370444FC-4726-4DC1-85BD-C5B0CF8A20A9}.Debug|Any CPU.Build.0 = Debug|Any CPU
		{370444FC-4726-4DC1-85BD-C5B0CF8A20A9}.Release|Any CPU.ActiveCfg = Release|Any CPU
		{370444FC-4726-4DC1-85BD-C5B0CF8A20A9}.Release|Any CPU.Build.0 = Release|Any CPU
		{E3A414F9-1B31-4A60-B702-148C14FEFAD4}.Debug|Any CPU.ActiveCfg = Debug|Any CPU
		{E3A414F9-1B31-4A60-B702-148C14FEFAD4}.Debug|Any CPU.Build.0 = Debug|Any CPU
		{E3A414F9-1B31-4A60-B702-148C14FEFAD4}.Release|Any CPU.ActiveCfg = Release|Any CPU
		{E3A414F9-1B31-4A60-B702-148C14FEFAD4}.Release|Any CPU.Build.0 = Release|Any CPU
	EndGlobalSection
	GlobalSection(SolutionProperties) = preSolution
		HideSolutionNode = FALSE
	EndGlobalSection
	GlobalSection(ExtensibilityGlobals) = postSolution
		SolutionGuid = {1FC2DD78-BB7E-4D52-B3AC-1B4CF1E70CF5}
	EndGlobalSection
EndGlobal
