
Microsoft Visual Studio Solution File, Format Version 12.00
# Visual Studio Version 17
VisualStudioVersion = 17.0.32014.148
MinimumVisualStudioVersion = 10.0.40219.1
Project("{FAE04EC0-301F-11D3-BF4B-00C04F79EFBC}") = "InFlux", "InFlux\InFlux.csproj", "{2E74EE87-A1E8-4A19-AEE6-F7AB1F3DD856}"
EndProject
Project("{FAE04EC0-301F-11D3-BF4B-00C04F79EFBC}") = "InFluxTests", "InFluxTests\InFluxTests.csproj", "{21F90316-E61F-4007-BFB3-A8AD59E792CF}"
EndProject
Global
	GlobalSection(SolutionConfigurationPlatforms) = preSolution
		Debug|Any CPU = Debug|Any CPU
		Release|Any CPU = Release|Any CPU
	EndGlobalSection
	GlobalSection(ProjectConfigurationPlatforms) = postSolution
		{2E74EE87-A1E8-4A19-AEE6-F7AB1F3DD856}.Debug|Any CPU.ActiveCfg = Debug|Any CPU
		{2E74EE87-A1E8-4A19-AEE6-F7AB1F3DD856}.Debug|Any CPU.Build.0 = Debug|Any CPU
		{2E74EE87-A1E8-4A19-AEE6-F7AB1F3DD856}.Release|Any CPU.ActiveCfg = Release|Any CPU
		{2E74EE87-A1E8-4A19-AEE6-F7AB1F3DD856}.Release|Any CPU.Build.0 = Release|Any CPU
		{21F90316-E61F-4007-BFB3-A8AD59E792CF}.Debug|Any CPU.ActiveCfg = Debug|Any CPU
		{21F90316-E61F-4007-BFB3-A8AD59E792CF}.Debug|Any CPU.Build.0 = Debug|Any CPU
		{21F90316-E61F-4007-BFB3-A8AD59E792CF}.Release|Any CPU.ActiveCfg = Release|Any CPU
		{21F90316-E61F-4007-BFB3-A8AD59E792CF}.Release|Any CPU.Build.0 = Release|Any CPU
	EndGlobalSection
	GlobalSection(SolutionProperties) = preSolution
		HideSolutionNode = FALSE
	EndGlobalSection
	GlobalSection(ExtensibilityGlobals) = postSolution
		SolutionGuid = {1FC2DD78-BB7E-4D52-B3AC-1B4CF1E70CF5}
	EndGlobalSection
EndGlobal
